
Microsoft Visual Studio Solution File, Format Version 12.00
# Visual Studio Version 16
VisualStudioVersion = 16.0.32228.343
MinimumVisualStudioVersion = 10.0.40219.1
Project("{9A19103F-16F7-4668-BE54-9A1E7A4F7556}") = "Memory", "Lab3\Memory.csproj", "{BC7F455B-5848-4C44-9B7B-C5C570B3D444}"
EndProject
Global
	GlobalSection(SolutionConfigurationPlatforms) = preSolution
		Debug|Any CPU = Debug|Any CPU
		Release|Any CPU = Release|Any CPU
	EndGlobalSection
	GlobalSection(ProjectConfigurationPlatforms) = postSolution
		{BC7F455B-5848-4C44-9B7B-C5C570B3D444}.Debug|Any CPU.ActiveCfg = Debug|Any CPU
		{BC7F455B-5848-4C44-9B7B-C5C570B3D444}.Debug|Any CPU.Build.0 = Debug|Any CPU
		{BC7F455B-5848-4C44-9B7B-C5C570B3D444}.Release|Any CPU.ActiveCfg = Release|Any CPU
		{BC7F455B-5848-4C44-9B7B-C5C570B3D444}.Release|Any CPU.Build.0 = Release|Any CPU
	EndGlobalSection
	GlobalSection(SolutionProperties) = preSolution
		HideSolutionNode = FALSE
	EndGlobalSection
	GlobalSection(ExtensibilityGlobals) = postSolution
		SolutionGuid = {3A915D8A-8810-4343-984D-87267815D807}
	EndGlobalSection
EndGlobal
