
Microsoft Visual Studio Solution File, Format Version 12.00
# Visual Studio Version 17
VisualStudioVersion = 17.1.32421.90
MinimumVisualStudioVersion = 10.0.40219.1
Project("{FAE04EC0-301F-11D3-BF4B-00C04F79EFBC}") = "Kontrolka1", "Kontrolka1.csproj", "{AA903CD9-BA98-47FD-81A6-1AC6A371E4DC}"
EndProject
Global
	GlobalSection(SolutionConfigurationPlatforms) = preSolution
		Debug|Any CPU = Debug|Any CPU
		Release|Any CPU = Release|Any CPU
	EndGlobalSection
	GlobalSection(ProjectConfigurationPlatforms) = postSolution
		{AA903CD9-BA98-47FD-81A6-1AC6A371E4DC}.Debug|Any CPU.ActiveCfg = Debug|Any CPU
		{AA903CD9-BA98-47FD-81A6-1AC6A371E4DC}.Debug|Any CPU.Build.0 = Debug|Any CPU
		{AA903CD9-BA98-47FD-81A6-1AC6A371E4DC}.Release|Any CPU.ActiveCfg = Release|Any CPU
		{AA903CD9-BA98-47FD-81A6-1AC6A371E4DC}.Release|Any CPU.Build.0 = Release|Any CPU
	EndGlobalSection
	GlobalSection(SolutionProperties) = preSolution
		HideSolutionNode = FALSE
	EndGlobalSection
	GlobalSection(ExtensibilityGlobals) = postSolution
		SolutionGuid = {834B6F21-091D-4889-8F6B-B7CF4A83B9F5}
	EndGlobalSection
EndGlobal
