
Microsoft Visual Studio Solution File, Format Version 12.00
# Visual Studio Version 17
VisualStudioVersion = 17.1.32421.90
MinimumVisualStudioVersion = 10.0.40219.1
Project("{FAE04EC0-301F-11D3-BF4B-00C04F79EFBC}") = "ConsoleApp4", "ConsoleApp4.csproj", "{04137160-487D-4FBA-AB54-BA4D7FE81839}"
EndProject
Global
	GlobalSection(SolutionConfigurationPlatforms) = preSolution
		Debug|Any CPU = Debug|Any CPU
		Release|Any CPU = Release|Any CPU
	EndGlobalSection
	GlobalSection(ProjectConfigurationPlatforms) = postSolution
		{04137160-487D-4FBA-AB54-BA4D7FE81839}.Debug|Any CPU.ActiveCfg = Debug|Any CPU
		{04137160-487D-4FBA-AB54-BA4D7FE81839}.Debug|Any CPU.Build.0 = Debug|Any CPU
		{04137160-487D-4FBA-AB54-BA4D7FE81839}.Release|Any CPU.ActiveCfg = Release|Any CPU
		{04137160-487D-4FBA-AB54-BA4D7FE81839}.Release|Any CPU.Build.0 = Release|Any CPU
	EndGlobalSection
	GlobalSection(SolutionProperties) = preSolution
		HideSolutionNode = FALSE
	EndGlobalSection
	GlobalSection(ExtensibilityGlobals) = postSolution
		SolutionGuid = {2210E78C-F179-4ABE-A7F2-8C2FF0BAC011}
	EndGlobalSection
EndGlobal
