
Microsoft Visual Studio Solution File, Format Version 12.00
# Visual Studio Version 17
VisualStudioVersion = 17.1.32421.90
MinimumVisualStudioVersion = 10.0.40219.1
Project("{9A19103F-16F7-4668-BE54-9A1E7A4F7556}") = "Kontrolka1", "Kontrolka1.csproj", "{4883C852-94C1-4F02-837E-0A8245C08162}"
EndProject
Project("{FAE04EC0-301F-11D3-BF4B-00C04F79EFBC}") = "PasswordCheck", "..\PasswordCheck\PasswordCheck.csproj", "{5FE69EF3-8B81-42AB-A519-56A0D1873414}"
EndProject
Project("{FAE04EC0-301F-11D3-BF4B-00C04F79EFBC}") = "Password_Test", "..\Password_Test\Password_Test.csproj", "{BF8607B6-4704-4B9C-995E-A83981F9A8A6}"
	ProjectSection(ProjectDependencies) = postProject
		{5FE69EF3-8B81-42AB-A519-56A0D1873414} = {5FE69EF3-8B81-42AB-A519-56A0D1873414}
	EndProjectSection
EndProject
Project("{FAE04EC0-301F-11D3-BF4B-00C04F79EFBC}") = "Planner_Test", "..\Calendar_Test\Planner_Test.csproj", "{7B0FE944-5526-486E-AD7F-529FAD075495}"
EndProject
Project("{FAE04EC0-301F-11D3-BF4B-00C04F79EFBC}") = "Planner", "..\Planner\Planner.csproj", "{C2B785D4-0796-4EBD-98D4-7E12DA5FDBE3}"
EndProject
Global
	GlobalSection(SolutionConfigurationPlatforms) = preSolution
		Debug|Any CPU = Debug|Any CPU
		Release|Any CPU = Release|Any CPU
	EndGlobalSection
	GlobalSection(ProjectConfigurationPlatforms) = postSolution
		{4883C852-94C1-4F02-837E-0A8245C08162}.Debug|Any CPU.ActiveCfg = Debug|Any CPU
		{4883C852-94C1-4F02-837E-0A8245C08162}.Debug|Any CPU.Build.0 = Debug|Any CPU
		{4883C852-94C1-4F02-837E-0A8245C08162}.Release|Any CPU.ActiveCfg = Release|Any CPU
		{4883C852-94C1-4F02-837E-0A8245C08162}.Release|Any CPU.Build.0 = Release|Any CPU
		{5FE69EF3-8B81-42AB-A519-56A0D1873414}.Debug|Any CPU.ActiveCfg = Debug|Any CPU
		{5FE69EF3-8B81-42AB-A519-56A0D1873414}.Debug|Any CPU.Build.0 = Debug|Any CPU
		{5FE69EF3-8B81-42AB-A519-56A0D1873414}.Release|Any CPU.ActiveCfg = Release|Any CPU
		{5FE69EF3-8B81-42AB-A519-56A0D1873414}.Release|Any CPU.Build.0 = Release|Any CPU
		{BF8607B6-4704-4B9C-995E-A83981F9A8A6}.Debug|Any CPU.ActiveCfg = Debug|Any CPU
		{BF8607B6-4704-4B9C-995E-A83981F9A8A6}.Debug|Any CPU.Build.0 = Debug|Any CPU
		{BF8607B6-4704-4B9C-995E-A83981F9A8A6}.Release|Any CPU.ActiveCfg = Release|Any CPU
		{BF8607B6-4704-4B9C-995E-A83981F9A8A6}.Release|Any CPU.Build.0 = Release|Any CPU
		{7B0FE944-5526-486E-AD7F-529FAD075495}.Debug|Any CPU.ActiveCfg = Debug|Any CPU
		{7B0FE944-5526-486E-AD7F-529FAD075495}.Debug|Any CPU.Build.0 = Debug|Any CPU
		{7B0FE944-5526-486E-AD7F-529FAD075495}.Release|Any CPU.ActiveCfg = Release|Any CPU
		{7B0FE944-5526-486E-AD7F-529FAD075495}.Release|Any CPU.Build.0 = Release|Any CPU
		{C2B785D4-0796-4EBD-98D4-7E12DA5FDBE3}.Debug|Any CPU.ActiveCfg = Debug|Any CPU
		{C2B785D4-0796-4EBD-98D4-7E12DA5FDBE3}.Debug|Any CPU.Build.0 = Debug|Any CPU
		{C2B785D4-0796-4EBD-98D4-7E12DA5FDBE3}.Release|Any CPU.ActiveCfg = Release|Any CPU
		{C2B785D4-0796-4EBD-98D4-7E12DA5FDBE3}.Release|Any CPU.Build.0 = Release|Any CPU
	EndGlobalSection
	GlobalSection(SolutionProperties) = preSolution
		HideSolutionNode = FALSE
	EndGlobalSection
	GlobalSection(ExtensibilityGlobals) = postSolution
		SolutionGuid = {82F3B8AB-B486-4270-A414-AD45841E916F}
	EndGlobalSection
EndGlobal
