
Microsoft Visual Studio Solution File, Format Version 12.00
# Visual Studio Version 17
VisualStudioVersion = 17.1.32421.90
MinimumVisualStudioVersion = 10.0.40219.1
Project("{FAE04EC0-301F-11D3-BF4B-00C04F79EFBC}") = "ConsoleApp3", "ConsoleApp3.csproj", "{8778A83B-A509-4AED-9FA4-5F228F312D80}"
EndProject
Global
	GlobalSection(SolutionConfigurationPlatforms) = preSolution
		Debug|Any CPU = Debug|Any CPU
		Release|Any CPU = Release|Any CPU
	EndGlobalSection
	GlobalSection(ProjectConfigurationPlatforms) = postSolution
		{8778A83B-A509-4AED-9FA4-5F228F312D80}.Debug|Any CPU.ActiveCfg = Debug|Any CPU
		{8778A83B-A509-4AED-9FA4-5F228F312D80}.Debug|Any CPU.Build.0 = Debug|Any CPU
		{8778A83B-A509-4AED-9FA4-5F228F312D80}.Release|Any CPU.ActiveCfg = Release|Any CPU
		{8778A83B-A509-4AED-9FA4-5F228F312D80}.Release|Any CPU.Build.0 = Release|Any CPU
	EndGlobalSection
	GlobalSection(SolutionProperties) = preSolution
		HideSolutionNode = FALSE
	EndGlobalSection
	GlobalSection(ExtensibilityGlobals) = postSolution
		SolutionGuid = {277A5BF8-65CF-436C-802A-D1F0E7AF2F14}
	EndGlobalSection
EndGlobal
